PODS:
  - GoogleMaps/Base (4.0.0)
  - GooglePlaces (4.0.0):
    - GoogleMaps/Base (= 4.0.0)

DEPENDENCIES:
  - GooglePlaces (= 4.0.0)

SPEC REPOS:
  trunk:
    - GoogleMaps
    - GooglePlaces

SPEC CHECKSUMS:
  GoogleMaps: b7f7fc569a9b354a3af0d9729dbec40957b7d41e
  GooglePlaces: ca8d4aba09ba79e0a829cf1dca03a41de6a09016

PODFILE CHECKSUM: 093448d98deca2b0cce79712fe84b6510699ec7d

COCOAPODS: 1.15.2
