// !$*UTF8*$!
{
	archiveVersion = 1;
	classes = {
	};
	objectVersion = 56;
	objects = {

/* Begin PBXBuildFile section */
		C4498BB086C3B2A4260ACCE0 /* Pods_Location_SearchTests.framework in Frameworks */ = {isa = PBXBuildFile; fileRef = 7DDE99A6031B84EA2A2CF686 /* Pods_Location_SearchTests.framework */; };
		CD136F962BBC537000307ADE /* AppDelegate.swift in Sources */ = {isa = PBXBuildFile; fileRef = CD136F952BBC537000307ADE /* AppDelegate.swift */; };
		CD136F982BBC537000307ADE /* SceneDelegate.swift in Sources */ = {isa = PBXBuildFile; fileRef = CD136F972BBC537000307ADE /* SceneDelegate.swift */; };
		CD136F9D2BBC537000307ADE /* Main.storyboard in Resources */ = {isa = PBXBuildFile; fileRef = CD136F9B2BBC537000307ADE /* Main.storyboard */; };
		CD136F9F2BBC537100307ADE /* Assets.xcassets in Resources */ = {isa = PBXBuildFile; fileRef = CD136F9E2BBC537100307ADE /* Assets.xcassets */; };
		CD136FA22BBC537100307ADE /* LaunchScreen.storyboard in Resources */ = {isa = PBXBuildFile; fileRef = CD136FA02BBC537100307ADE /* LaunchScreen.storyboard */; };
		CD136FAD2BBC537100307ADE /* Location_SearchTests.swift in Sources */ = {isa = PBXBuildFile; fileRef = CD136FAC2BBC537100307ADE /* Location_SearchTests.swift */; };
		CD136FB72BBC537100307ADE /* Location_SearchUITests.swift in Sources */ = {isa = PBXBuildFile; fileRef = CD136FB62BBC537100307ADE /* Location_SearchUITests.swift */; };
		CD136FB92BBC537100307ADE /* Location_SearchUITestsLaunchTests.swift in Sources */ = {isa = PBXBuildFile; fileRef = CD136FB82BBC537100307ADE /* Location_SearchUITestsLaunchTests.swift */; };
		CD5464542BE9016F00C7F4D1 /* SearchViewController.swift in Sources */ = {isa = PBXBuildFile; fileRef = CD54644E2BE9016F00C7F4D1 /* SearchViewController.swift */; };
		CD5464552BE9016F00C7F4D1 /* SearchMenuModel.swift in Sources */ = {isa = PBXBuildFile; fileRef = CD5464502BE9016F00C7F4D1 /* SearchMenuModel.swift */; };
		CD5464562BE9016F00C7F4D1 /* SearchTableViewCell.xib in Resources */ = {isa = PBXBuildFile; fileRef = CD5464522BE9016F00C7F4D1 /* SearchTableViewCell.xib */; };
		CD5464572BE9016F00C7F4D1 /* SearchTableViewCell.swift in Sources */ = {isa = PBXBuildFile; fileRef = CD5464532BE9016F00C7F4D1 /* SearchTableViewCell.swift */; };
		CD5464592BE9018200C7F4D1 /* MapViewController.swift in Sources */ = {isa = PBXBuildFile; fileRef = CD5464582BE9018200C7F4D1 /* MapViewController.swift */; };
		CD54645D2BE9018900C7F4D1 /* CoreLocationManager.swift in Sources */ = {isa = PBXBuildFile; fileRef = CD54645B2BE9018900C7F4D1 /* CoreLocationManager.swift */; };
		CD54645E2BE9018900C7F4D1 /* ApiManager.swift in Sources */ = {isa = PBXBuildFile; fileRef = CD54645C2BE9018900C7F4D1 /* ApiManager.swift */; };
		CDC333612BBD8DE8002D4951 /* PlaceListViewController.swift in Sources */ = {isa = PBXBuildFile; fileRef = CDC333602BBD8DE8002D4951 /* PlaceListViewController.swift */; };
		CDC333632BBD8DF3002D4951 /* PlaceDetailViewController.swift in Sources */ = {isa = PBXBuildFile; fileRef = CDC333622BBD8DF3002D4951 /* PlaceDetailViewController.swift */; };
		CDC333672BBD8E0C002D4951 /* LocationSelectionViewController.swift in Sources */ = {isa = PBXBuildFile; fileRef = CDC333662BBD8E0C002D4951 /* LocationSelectionViewController.swift */; };
		E372A2555DB82E76ED9FE744 /* Pods_Location_Search_Location_SearchUITests.framework in Frameworks */ = {isa = PBXBuildFile; fileRef = 1157578BF36A6ACA70A927C8 /* Pods_Location_Search_Location_SearchUITests.framework */; };
/* End PBXBuildFile section */

/* Begin PBXContainerItemProxy section */
		CD136FA92BBC537100307ADE /* PBXContainerItemProxy */ = {
			isa = PBXContainerItemProxy;
			containerPortal = CD136F8A2BBC537000307ADE /* Project object */;
			proxyType = 1;
			remoteGlobalIDString = CD136F912BBC537000307ADE;
			remoteInfo = "Location-Search";
		};
		CD136FB32BBC537100307ADE /* PBXContainerItemProxy */ = {
			isa = PBXContainerItemProxy;
			containerPortal = CD136F8A2BBC537000307ADE /* Project object */;
			proxyType = 1;
			remoteGlobalIDString = CD136F912BBC537000307ADE;
			remoteInfo = "Location-Search";
		};
/* End PBXContainerItemProxy section */

/* Begin PBXFileReference section */
		00376B9D5B9D36C8A375CED5 /* Pods-Location-SearchTests.release.xcconfig */ = {isa = PBXFileReference; includeInIndex = 1; lastKnownFileType = text.xcconfig; name = "Pods-Location-SearchTests.release.xcconfig"; path = "Target Support Files/Pods-Location-SearchTests/Pods-Location-SearchTests.release.xcconfig"; sourceTree = "<group>"; };
		1157578BF36A6ACA70A927C8 /* Pods_Location_Search_Location_SearchUITests.framework */ = {isa = PBXFileReference; explicitFileType = wrapper.framework; includeInIndex = 0; path = Pods_Location_Search_Location_SearchUITests.framework; sourceTree = BUILT_PRODUCTS_DIR; };
		63DF84C5B8294505DE250A60 /* Pods-Location-Search.release.xcconfig */ = {isa = PBXFileReference; includeInIndex = 1; lastKnownFileType = text.xcconfig; name = "Pods-Location-Search.release.xcconfig"; path = "Target Support Files/Pods-Location-Search/Pods-Location-Search.release.xcconfig"; sourceTree = "<group>"; };
		7DDE99A6031B84EA2A2CF686 /* Pods_Location_SearchTests.framework */ = {isa = PBXFileReference; explicitFileType = wrapper.framework; includeInIndex = 0; path = Pods_Location_SearchTests.framework; sourceTree = BUILT_PRODUCTS_DIR; };
		8FBA47B5883874AC63B5CF06 /* Pods-Location-Search-Location-SearchUITests.debug.xcconfig */ = {isa = PBXFileReference; includeInIndex = 1; lastKnownFileType = text.xcconfig; name = "Pods-Location-Search-Location-SearchUITests.debug.xcconfig"; path = "Target Support Files/Pods-Location-Search-Location-SearchUITests/Pods-Location-Search-Location-SearchUITests.debug.xcconfig"; sourceTree = "<group>"; };
		BEA95559CE9880BC49E83743 /* Pods_Location_Search.framework */ = {isa = PBXFileReference; explicitFileType = wrapper.framework; includeInIndex = 0; path = Pods_Location_Search.framework; sourceTree = BUILT_PRODUCTS_DIR; };
		C18C5DF0C15DA85FBC8892A1 /* Pods-Location-Search.debug.xcconfig */ = {isa = PBXFileReference; includeInIndex = 1; lastKnownFileType = text.xcconfig; name = "Pods-Location-Search.debug.xcconfig"; path = "Target Support Files/Pods-Location-Search/Pods-Location-Search.debug.xcconfig"; sourceTree = "<group>"; };
		CC614F04CFB033EE8B671D91 /* Pods-Location-SearchTests.debug.xcconfig */ = {isa = PBXFileReference; includeInIndex = 1; lastKnownFileType = text.xcconfig; name = "Pods-Location-SearchTests.debug.xcconfig"; path = "Target Support Files/Pods-Location-SearchTests/Pods-Location-SearchTests.debug.xcconfig"; sourceTree = "<group>"; };
		CD136F922BBC537000307ADE /* Location-Search.app */ = {isa = PBXFileReference; explicitFileType = wrapper.application; includeInIndex = 0; path = "Location-Search.app"; sourceTree = BUILT_PRODUCTS_DIR; };
		CD136F952BBC537000307ADE /* AppDelegate.swift */ = {isa = PBXFileReference; lastKnownFileType = sourcecode.swift; path = AppDelegate.swift; sourceTree = "<group>"; };
		CD136F972BBC537000307ADE /* SceneDelegate.swift */ = {isa = PBXFileReference; lastKnownFileType = sourcecode.swift; path = SceneDelegate.swift; sourceTree = "<group>"; };
		CD136F9C2BBC537000307ADE /* Base */ = {isa = PBXFileReference; lastKnownFileType = file.storyboard; name = Base; path = Base.lproj/Main.storyboard; sourceTree = "<group>"; };
		CD136F9E2BBC537100307ADE /* Assets.xcassets */ = {isa = PBXFileReference; lastKnownFileType = folder.assetcatalog; path = Assets.xcassets; sourceTree = "<group>"; };
		CD136FA12BBC537100307ADE /* Base */ = {isa = PBXFileReference; lastKnownFileType = file.storyboard; name = Base; path = Base.lproj/LaunchScreen.storyboard; sourceTree = "<group>"; };
		CD136FA32BBC537100307ADE /* Info.plist */ = {isa = PBXFileReference; lastKnownFileType = text.plist.xml; path = Info.plist; sourceTree = "<group>"; };
		CD136FA82BBC537100307ADE /* Location-SearchTests.xctest */ = {isa = PBXFileReference; explicitFileType = wrapper.cfbundle; includeInIndex = 0; path = "Location-SearchTests.xctest"; sourceTree = BUILT_PRODUCTS_DIR; };
		CD136FAC2BBC537100307ADE /* Location_SearchTests.swift */ = {isa = PBXFileReference; lastKnownFileType = sourcecode.swift; path = Location_SearchTests.swift; sourceTree = "<group>"; };
		CD136FB22BBC537100307ADE /* Location-SearchUITests.xctest */ = {isa = PBXFileReference; explicitFileType = wrapper.cfbundle; includeInIndex = 0; path = "Location-SearchUITests.xctest"; sourceTree = BUILT_PRODUCTS_DIR; };
		CD136FB62BBC537100307ADE /* Location_SearchUITests.swift */ = {isa = PBXFileReference; lastKnownFileType = sourcecode.swift; path = Location_SearchUITests.swift; sourceTree = "<group>"; };
		CD136FB82BBC537100307ADE /* Location_SearchUITestsLaunchTests.swift */ = {isa = PBXFileReference; lastKnownFileType = sourcecode.swift; path = Location_SearchUITestsLaunchTests.swift; sourceTree = "<group>"; };
		CD54644E2BE9016F00C7F4D1 /* SearchViewController.swift */ = {isa = PBXFileReference; fileEncoding = 4; lastKnownFileType = sourcecode.swift; path = SearchViewController.swift; sourceTree = "<group>"; };
		CD5464502BE9016F00C7F4D1 /* SearchMenuModel.swift */ = {isa = PBXFileReference; fileEncoding = 4; lastKnownFileType = sourcecode.swift; path = SearchMenuModel.swift; sourceTree = "<group>"; };
		CD5464522BE9016F00C7F4D1 /* SearchTableViewCell.xib */ = {isa = PBXFileReference; fileEncoding = 4; lastKnownFileType = file.xib; path = SearchTableViewCell.xib; sourceTree = "<group>"; };
		CD5464532BE9016F00C7F4D1 /* SearchTableViewCell.swift */ = {isa = PBXFileReference; fileEncoding = 4; lastKnownFileType = sourcecode.swift; path = SearchTableViewCell.swift; sourceTree = "<group>"; };
		CD5464582BE9018200C7F4D1 /* MapViewController.swift */ = {isa = PBXFileReference; fileEncoding = 4; lastKnownFileType = sourcecode.swift; name = MapViewController.swift; path = "../../../../../LocationSearch/Location-Search/View/Map/MapViewController.swift"; sourceTree = "<group>"; };
		CD54645B2BE9018900C7F4D1 /* CoreLocationManager.swift */ = {isa = PBXFileReference; fileEncoding = 4; lastKnownFileType = sourcecode.swift; path = CoreLocationManager.swift; sourceTree = "<group>"; };
		CD54645C2BE9018900C7F4D1 /* ApiManager.swift */ = {isa = PBXFileReference; fileEncoding = 4; lastKnownFileType = sourcecode.swift; path = ApiManager.swift; sourceTree = "<group>"; };
		CDC333602BBD8DE8002D4951 /* PlaceListViewController.swift */ = {isa = PBXFileReference; lastKnownFileType = sourcecode.swift; path = PlaceListViewController.swift; sourceTree = "<group>"; };
		CDC333622BBD8DF3002D4951 /* PlaceDetailViewController.swift */ = {isa = PBXFileReference; lastKnownFileType = sourcecode.swift; path = PlaceDetailViewController.swift; sourceTree = "<group>"; };
		CDC333662BBD8E0C002D4951 /* LocationSelectionViewController.swift */ = {isa = PBXFileReference; lastKnownFileType = sourcecode.swift; path = LocationSelectionViewController.swift; sourceTree = "<group>"; };
		F6B5A46BB477E790906C0375 /* Pods-Location-Search-Location-SearchUITests.release.xcconfig */ = {isa = PBXFileReference; includeInIndex = 1; lastKnownFileType = text.xcconfig; name = "Pods-Location-Search-Location-SearchUITests.release.xcconfig"; path = "Target Support Files/Pods-Location-Search-Location-SearchUITests/Pods-Location-Search-Location-SearchUITests.release.xcconfig"; sourceTree = "<group>"; };
/* End PBXFileReference section */

/* Begin PBXFrameworksBuildPhase section */
		CD136F8F2BBC537000307ADE /* Frameworks */ = {
			isa = PBXFrameworksBuildPhase;
			buildActionMask = 2147483647;
			files = (
			);
			runOnlyForDeploymentPostprocessing = 0;
		};
		CD136FA52BBC537100307ADE /* Frameworks */ = {
			isa = PBXFrameworksBuildPhase;
			buildActionMask = 2147483647;
			files = (
				C4498BB086C3B2A4260ACCE0 /* Pods_Location_SearchTests.framework in Frameworks */,
			);
			runOnlyForDeploymentPostprocessing = 0;
		};
		CD136FAF2BBC537100307ADE /* Frameworks */ = {
			isa = PBXFrameworksBuildPhase;
			buildActionMask = 2147483647;
			files = (
				E372A2555DB82E76ED9FE744 /* Pods_Location_Search_Location_SearchUITests.framework in Frameworks */,
			);
			runOnlyForDeploymentPostprocessing = 0;
		};
/* End PBXFrameworksBuildPhase section */

/* Begin PBXGroup section */
		3A57A6F1CCA6901EB78B7DAA /* Frameworks */ = {
			isa = PBXGroup;
			children = (
				BEA95559CE9880BC49E83743 /* Pods_Location_Search.framework */,
				1157578BF36A6ACA70A927C8 /* Pods_Location_Search_Location_SearchUITests.framework */,
				7DDE99A6031B84EA2A2CF686 /* Pods_Location_SearchTests.framework */,
			);
			name = Frameworks;
			sourceTree = "<group>";
		};
		78A7018F1C58587DC0774A5F /* Pods */ = {
			isa = PBXGroup;
			children = (
				C18C5DF0C15DA85FBC8892A1 /* Pods-Location-Search.debug.xcconfig */,
				63DF84C5B8294505DE250A60 /* Pods-Location-Search.release.xcconfig */,
				8FBA47B5883874AC63B5CF06 /* Pods-Location-Search-Location-SearchUITests.debug.xcconfig */,
				F6B5A46BB477E790906C0375 /* Pods-Location-Search-Location-SearchUITests.release.xcconfig */,
				CC614F04CFB033EE8B671D91 /* Pods-Location-SearchTests.debug.xcconfig */,
				00376B9D5B9D36C8A375CED5 /* Pods-Location-SearchTests.release.xcconfig */,
			);
			path = Pods;
			sourceTree = "<group>";
		};
		CD136F892BBC537000307ADE = {
			isa = PBXGroup;
			children = (
				CD136F942BBC537000307ADE /* Location-Search */,
				CD136FAB2BBC537100307ADE /* Location-SearchTests */,
				CD136FB52BBC537100307ADE /* Location-SearchUITests */,
				CD136F932BBC537000307ADE /* Products */,
				78A7018F1C58587DC0774A5F /* Pods */,
				3A57A6F1CCA6901EB78B7DAA /* Frameworks */,
			);
			sourceTree = "<group>";
		};
		CD136F932BBC537000307ADE /* Products */ = {
			isa = PBXGroup;
			children = (
				CD136F922BBC537000307ADE /* Location-Search.app */,
				CD136FA82BBC537100307ADE /* Location-SearchTests.xctest */,
				CD136FB22BBC537100307ADE /* Location-SearchUITests.xctest */,
			);
			name = Products;
			sourceTree = "<group>";
		};
		CD136F942BBC537000307ADE /* Location-Search */ = {
			isa = PBXGroup;
			children = (
				CD54645A2BE9018900C7F4D1 /* Manager */,
				CD136FC62BBC54BB00307ADE /* View */,
				CD136FC52BBC54AD00307ADE /* Base */,
				CD136F9B2BBC537000307ADE /* Main.storyboard */,
				CD136F9E2BBC537100307ADE /* Assets.xcassets */,
				CD136FA02BBC537100307ADE /* LaunchScreen.storyboard */,
				CD136FA32BBC537100307ADE /* Info.plist */,
			);
			path = "Location-Search";
			sourceTree = "<group>";
		};
		CD136FAB2BBC537100307ADE /* Location-SearchTests */ = {
			isa = PBXGroup;
			children = (
				CD136FAC2BBC537100307ADE /* Location_SearchTests.swift */,
			);
			path = "Location-SearchTests";
			sourceTree = "<group>";
		};
		CD136FB52BBC537100307ADE /* Location-SearchUITests */ = {
			isa = PBXGroup;
			children = (
				CD136FB62BBC537100307ADE /* Location_SearchUITests.swift */,
				CD136FB82BBC537100307ADE /* Location_SearchUITestsLaunchTests.swift */,
			);
			path = "Location-SearchUITests";
			sourceTree = "<group>";
		};
		CD136FC52BBC54AD00307ADE /* Base */ = {
			isa = PBXGroup;
			children = (
				CD136F972BBC537000307ADE /* SceneDelegate.swift */,
				CD136F952BBC537000307ADE /* AppDelegate.swift */,
			);
			path = Base;
			sourceTree = "<group>";
		};
		CD136FC62BBC54BB00307ADE /* View */ = {
			isa = PBXGroup;
			children = (
				CD54644D2BE9016F00C7F4D1 /* Search */,
				CDC3335F2BBD8DD5002D4951 /* Place */,
				CDC3335D2BBD8DBA002D4951 /* LocationSelection */,
				CDC3335C2BBD8DA3002D4951 /* Map */,
			);
			path = View;
			sourceTree = "<group>";
		};
		CD54644D2BE9016F00C7F4D1 /* Search */ = {
			isa = PBXGroup;
			children = (
				CD54644E2BE9016F00C7F4D1 /* SearchViewController.swift */,
				CD54644F2BE9016F00C7F4D1 /* Model */,
				CD5464512BE9016F00C7F4D1 /* View */,
			);
			name = Search;
			path = "../../../../LocationSearch/Location-Search/View/Search";
			sourceTree = "<group>";
		};
		CD54644F2BE9016F00C7F4D1 /* Model */ = {
			isa = PBXGroup;
			children = (
				CD5464502BE9016F00C7F4D1 /* SearchMenuModel.swift */,
			);
			path = Model;
			sourceTree = "<group>";
		};
		CD5464512BE9016F00C7F4D1 /* View */ = {
			isa = PBXGroup;
			children = (
				CD5464522BE9016F00C7F4D1 /* SearchTableViewCell.xib */,
				CD5464532BE9016F00C7F4D1 /* SearchTableViewCell.swift */,
			);
			path = View;
			sourceTree = "<group>";
		};
		CD54645A2BE9018900C7F4D1 /* Manager */ = {
			isa = PBXGroup;
			children = (
				CD54645B2BE9018900C7F4D1 /* CoreLocationManager.swift */,
				CD54645C2BE9018900C7F4D1 /* ApiManager.swift */,
			);
			name = Manager;
			path = "../../../LocationSearch/Location-Search/Manager";
			sourceTree = "<group>";
		};
		CDC3335C2BBD8DA3002D4951 /* Map */ = {
			isa = PBXGroup;
			children = (
				CD5464582BE9018200C7F4D1 /* MapViewController.swift */,
			);
			path = Map;
			sourceTree = "<group>";
		};
		CDC3335D2BBD8DBA002D4951 /* LocationSelection */ = {
			isa = PBXGroup;
			children = (
				CDC333662BBD8E0C002D4951 /* LocationSelectionViewController.swift */,
			);
			path = LocationSelection;
			sourceTree = "<group>";
		};
		CDC3335F2BBD8DD5002D4951 /* Place */ = {
			isa = PBXGroup;
			children = (
				CDC333602BBD8DE8002D4951 /* PlaceListViewController.swift */,
				CDC333622BBD8DF3002D4951 /* PlaceDetailViewController.swift */,
			);
			path = Place;
			sourceTree = "<group>";
		};
/* End PBXGroup section */

/* Begin PBXNativeTarget section */
		CD136F912BBC537000307ADE /* Location-Search */ = {
			isa = PBXNativeTarget;
			buildConfigurationList = CD136FBC2BBC537100307ADE /* Build configuration list for PBXNativeTarget "Location-Search" */;
			buildPhases = (
				A111B9F08FBECE3B4CD0DFB7 /* [CP] Check Pods Manifest.lock */,
				CD136F8E2BBC537000307ADE /* Sources */,
				CD136F8F2BBC537000307ADE /* Frameworks */,
				CD136F902BBC537000307ADE /* Resources */,
				AB118FA5574961F06F5B3F45 /* [CP] Copy Pods Resources */,
			);
			buildRules = (
			);
			dependencies = (
			);
			name = "Location-Search";
			productName = "Location-Search";
			productReference = CD136F922BBC537000307ADE /* Location-Search.app */;
			productType = "com.apple.product-type.application";
		};
		CD136FA72BBC537100307ADE /* Location-SearchTests */ = {
			isa = PBXNativeTarget;
			buildConfigurationList = CD136FBF2BBC537100307ADE /* Build configuration list for PBXNativeTarget "Location-SearchTests" */;
			buildPhases = (
				541558A4959814D99B224DE6 /* [CP] Check Pods Manifest.lock */,
				CD136FA42BBC537100307ADE /* Sources */,
				CD136FA52BBC537100307ADE /* Frameworks */,
				CD136FA62BBC537100307ADE /* Resources */,
			);
			buildRules = (
			);
			dependencies = (
				CD136FAA2BBC537100307ADE /* PBXTargetDependency */,
			);
			name = "Location-SearchTests";
			productName = "Location-SearchTests";
			productReference = CD136FA82BBC537100307ADE /* Location-SearchTests.xctest */;
			productType = "com.apple.product-type.bundle.unit-test";
		};
		CD136FB12BBC537100307ADE /* Location-SearchUITests */ = {
			isa = PBXNativeTarget;
			buildConfigurationList = CD136FC22BBC537100307ADE /* Build configuration list for PBXNativeTarget "Location-SearchUITests" */;
			buildPhases = (
				66B0B4DC32576A03888AF56A /* [CP] Check Pods Manifest.lock */,
				CD136FAE2BBC537100307ADE /* Sources */,
				CD136FAF2BBC537100307ADE /* Frameworks */,
				CD136FB02BBC537100307ADE /* Resources */,
				7C924AF6FF2684EE578FD388 /* [CP] Copy Pods Resources */,
			);
			buildRules = (
			);
			dependencies = (
				CD136FB42BBC537100307ADE /* PBXTargetDependency */,
			);
			name = "Location-SearchUITests";
			productName = "Location-SearchUITests";
			productReference = CD136FB22BBC537100307ADE /* Location-SearchUITests.xctest */;
			productType = "com.apple.product-type.bundle.ui-testing";
		};
/* End PBXNativeTarget section */

/* Begin PBXProject section */
		CD136F8A2BBC537000307ADE /* Project object */ = {
			isa = PBXProject;
			attributes = {
				BuildIndependentTargetsInParallel = 1;
				LastSwiftUpdateCheck = 1520;
				LastUpgradeCheck = 1520;
				TargetAttributes = {
					CD136F912BBC537000307ADE = {
						CreatedOnToolsVersion = 15.2;
					};
					CD136FA72BBC537100307ADE = {
						CreatedOnToolsVersion = 15.2;
						TestTargetID = CD136F912BBC537000307ADE;
					};
					CD136FB12BBC537100307ADE = {
						CreatedOnToolsVersion = 15.2;
						TestTargetID = CD136F912BBC537000307ADE;
					};
				};
			};
			buildConfigurationList = CD136F8D2BBC537000307ADE /* Build configuration list for PBXProject "Location-Search" */;
			compatibilityVersion = "Xcode 14.0";
			developmentRegion = en;
			hasScannedForEncodings = 0;
			knownRegions = (
				en,
				Base,
			);
			mainGroup = CD136F892BBC537000307ADE;
			productRefGroup = CD136F932BBC537000307ADE /* Products */;
			projectDirPath = "";
			projectRoot = "";
			targets = (
				CD136F912BBC537000307ADE /* Location-Search */,
				CD136FA72BBC537100307ADE /* Location-SearchTests */,
				CD136FB12BBC537100307ADE /* Location-SearchUITests */,
			);
		};
/* End PBXProject section */

/* Begin PBXResourcesBuildPhase section */
		CD136F902BBC537000307ADE /* Resources */ = {
			isa = PBXResourcesBuildPhase;
			buildActionMask = 2147483647;
			files = (
				CD136FA22BBC537100307ADE /* LaunchScreen.storyboard in Resources */,
				CD5464562BE9016F00C7F4D1 /* SearchTableViewCell.xib in Resources */,
				CD136F9F2BBC537100307ADE /* Assets.xcassets in Resources */,
				CD136F9D2BBC537000307ADE /* Main.storyboard in Resources */,
			);
			runOnlyForDeploymentPostprocessing = 0;
		};
		CD136FA62BBC537100307ADE /* Resources */ = {
			isa = PBXResourcesBuildPhase;
			buildActionMask = 2147483647;
			files = (
			);
			runOnlyForDeploymentPostprocessing = 0;
		};
		CD136FB02BBC537100307ADE /* Resources */ = {
			isa = PBXResourcesBuildPhase;
			buildActionMask = 2147483647;
			files = (
			);
			runOnlyForDeploymentPostprocessing = 0;
		};
/* End PBXResourcesBuildPhase section */

/* Begin PBXShellScriptBuildPhase section */
		541558A4959814D99B224DE6 /* [CP] Check Pods Manifest.lock */ = {
			isa = PBXShellScriptBuildPhase;
			buildActionMask = 2147483647;
			files = (
			);
			inputFileListPaths = (
			);
			inputPaths = (
				"${PODS_PODFILE_DIR_PATH}/Podfile.lock",
				"${PODS_ROOT}/Manifest.lock",
			);
			name = "[CP] Check Pods Manifest.lock";
			outputFileListPaths = (
			);
			outputPaths = (
				"$(DERIVED_FILE_DIR)/Pods-Location-SearchTests-checkManifestLockResult.txt",
			);
			runOnlyForDeploymentPostprocessing = 0;
			shellPath = /bin/sh;
			shellScript = "diff \"${PODS_PODFILE_DIR_PATH}/Podfile.lock\" \"${PODS_ROOT}/Manifest.lock\" > /dev/null\nif [ $? != 0 ] ; then\n    # print error to STDERR\n    echo \"error: The sandbox is not in sync with the Podfile.lock. Run 'pod install' or update your CocoaPods installation.\" >&2\n    exit 1\nfi\n# This output is used by Xcode 'outputs' to avoid re-running this script phase.\necho \"SUCCESS\" > \"${SCRIPT_OUTPUT_FILE_0}\"\n";
			showEnvVarsInLog = 0;
		};
		66B0B4DC32576A03888AF56A /* [CP] Check Pods Manifest.lock */ = {
			isa = PBXShellScriptBuildPhase;
			buildActionMask = 2147483647;
			files = (
			);
			inputFileListPaths = (
			);
			inputPaths = (
				"${PODS_PODFILE_DIR_PATH}/Podfile.lock",
				"${PODS_ROOT}/Manifest.lock",
			);
			name = "[CP] Check Pods Manifest.lock";
			outputFileListPaths = (
			);
			outputPaths = (
				"$(DERIVED_FILE_DIR)/Pods-Location-Search-Location-SearchUITests-checkManifestLockResult.txt",
			);
			runOnlyForDeploymentPostprocessing = 0;
			shellPath = /bin/sh;
			shellScript = "diff \"${PODS_PODFILE_DIR_PATH}/Podfile.lock\" \"${PODS_ROOT}/Manifest.lock\" > /dev/null\nif [ $? != 0 ] ; then\n    # print error to STDERR\n    echo \"error: The sandbox is not in sync with the Podfile.lock. Run 'pod install' or update your CocoaPods installation.\" >&2\n    exit 1\nfi\n# This output is used by Xcode 'outputs' to avoid re-running this script phase.\necho \"SUCCESS\" > \"${SCRIPT_OUTPUT_FILE_0}\"\n";
			showEnvVarsInLog = 0;
		};
		7C924AF6FF2684EE578FD388 /* [CP] Copy Pods Resources */ = {
			isa = PBXShellScriptBuildPhase;
			buildActionMask = 2147483647;
			files = (
			);
			inputFileListPaths = (
				"${PODS_ROOT}/Target Support Files/Pods-Location-Search-Location-SearchUITests/Pods-Location-Search-Location-SearchUITests-resources-${CONFIGURATION}-input-files.xcfilelist",
			);
			name = "[CP] Copy Pods Resources";
			outputFileListPaths = (
				"${PODS_ROOT}/Target Support Files/Pods-Location-Search-Location-SearchUITests/Pods-Location-Search-Location-SearchUITests-resources-${CONFIGURATION}-output-files.xcfilelist",
			);
			runOnlyForDeploymentPostprocessing = 0;
			shellPath = /bin/sh;
			shellScript = "\"${PODS_ROOT}/Target Support Files/Pods-Location-Search-Location-SearchUITests/Pods-Location-Search-Location-SearchUITests-resources.sh\"\n";
			showEnvVarsInLog = 0;
		};
		A111B9F08FBECE3B4CD0DFB7 /* [CP] Check Pods Manifest.lock */ = {
			isa = PBXShellScriptBuildPhase;
			buildActionMask = 2147483647;
			files = (
			);
			inputFileListPaths = (
			);
			inputPaths = (
				"${PODS_PODFILE_DIR_PATH}/Podfile.lock",
				"${PODS_ROOT}/Manifest.lock",
			);
			name = "[CP] Check Pods Manifest.lock";
			outputFileListPaths = (
			);
			outputPaths = (
				"$(DERIVED_FILE_DIR)/Pods-Location-Search-checkManifestLockResult.txt",
			);
			runOnlyForDeploymentPostprocessing = 0;
			shellPath = /bin/sh;
			shellScript = "diff \"${PODS_PODFILE_DIR_PATH}/Podfile.lock\" \"${PODS_ROOT}/Manifest.lock\" > /dev/null\nif [ $? != 0 ] ; then\n    # print error to STDERR\n    echo \"error: The sandbox is not in sync with the Podfile.lock. Run 'pod install' or update your CocoaPods installation.\" >&2\n    exit 1\nfi\n# This output is used by Xcode 'outputs' to avoid re-running this script phase.\necho \"SUCCESS\" > \"${SCRIPT_OUTPUT_FILE_0}\"\n";
			showEnvVarsInLog = 0;
		};
		AB118FA5574961F06F5B3F45 /* [CP] Copy Pods Resources */ = {
			isa = PBXShellScriptBuildPhase;
			buildActionMask = 2147483647;
			files = (
			);
			inputFileListPaths = (
				"${PODS_ROOT}/Target Support Files/Pods-Location-Search/Pods-Location-Search-resources-${CONFIGURATION}-input-files.xcfilelist",
			);
			name = "[CP] Copy Pods Resources";
			outputFileListPaths = (
				"${PODS_ROOT}/Target Support Files/Pods-Location-Search/Pods-Location-Search-resources-${CONFIGURATION}-output-files.xcfilelist",
			);
			runOnlyForDeploymentPostprocessing = 0;
			shellPath = /bin/sh;
			shellScript = "\"${PODS_ROOT}/Target Support Files/Pods-Location-Search/Pods-Location-Search-resources.sh\"\n";
			showEnvVarsInLog = 0;
		};
/* End PBXShellScriptBuildPhase section */

/* Begin PBXSourcesBuildPhase section */
		CD136F8E2BBC537000307ADE /* Sources */ = {
			isa = PBXSourcesBuildPhase;
			buildActionMask = 2147483647;
			files = (
				CD5464572BE9016F00C7F4D1 /* SearchTableViewCell.swift in Sources */,
				CDC333672BBD8E0C002D4951 /* LocationSelectionViewController.swift in Sources */,
				CD5464542BE9016F00C7F4D1 /* SearchViewController.swift in Sources */,
				CDC333612BBD8DE8002D4951 /* PlaceListViewController.swift in Sources */,
				CD5464592BE9018200C7F4D1 /* MapViewController.swift in Sources */,
				CDC333632BBD8DF3002D4951 /* PlaceDetailViewController.swift in Sources */,
				CD54645E2BE9018900C7F4D1 /* ApiManager.swift in Sources */,
				CD5464552BE9016F00C7F4D1 /* SearchMenuModel.swift in Sources */,
				CD54645D2BE9018900C7F4D1 /* CoreLocationManager.swift in Sources */,
				CD136F962BBC537000307ADE /* AppDelegate.swift in Sources */,
				CD136F982BBC537000307ADE /* SceneDelegate.swift in Sources */,
			);
			runOnlyForDeploymentPostprocessing = 0;
		};
		CD136FA42BBC537100307ADE /* Sources */ = {
			isa = PBXSourcesBuildPhase;
			buildActionMask = 2147483647;
			files = (
				CD136FAD2BBC537100307ADE /* Location_SearchTests.swift in Sources */,
			);
			runOnlyForDeploymentPostprocessing = 0;
		};
		CD136FAE2BBC537100307ADE /* Sources */ = {
			isa = PBXSourcesBuildPhase;
			buildActionMask = 2147483647;
			files = (
				CD136FB72BBC537100307ADE /* Location_SearchUITests.swift in Sources */,
				CD136FB92BBC537100307ADE /* Location_SearchUITestsLaunchTests.swift in Sources */,
			);
			runOnlyForDeploymentPostprocessing = 0;
		};
/* End PBXSourcesBuildPhase section */

/* Begin PBXTargetDependency section */
		CD136FAA2BBC537100307ADE /* PBXTargetDependency */ = {
			isa = PBXTargetDependency;
			target = CD136F912BBC537000307ADE /* Location-Search */;
			targetProxy = CD136FA92BBC537100307ADE /* PBXContainerItemProxy */;
		};
		CD136FB42BBC537100307ADE /* PBXTargetDependency */ = {
			isa = PBXTargetDependency;
			target = CD136F912BBC537000307ADE /* Location-Search */;
			targetProxy = CD136FB32BBC537100307ADE /* PBXContainerItemProxy */;
		};
/* End PBXTargetDependency section */

/* Begin PBXVariantGroup section */
		CD136F9B2BBC537000307ADE /* Main.storyboard */ = {
			isa = PBXVariantGroup;
			children = (
				CD136F9C2BBC537000307ADE /* Base */,
			);
			name = Main.storyboard;
			sourceTree = "<group>";
		};
		CD136FA02BBC537100307ADE /* LaunchScreen.storyboard */ = {
			isa = PBXVariantGroup;
			children = (
				CD136FA12BBC537100307ADE /* Base */,
			);
			name = LaunchScreen.storyboard;
			sourceTree = "<group>";
		};
/* End PBXVariantGroup section */

/* Begin XCBuildConfiguration section */
		CD136FBA2BBC537100307ADE /* Debug */ = {
			isa = XCBuildConfiguration;
			buildSettings = {
				ALWAYS_SEARCH_USER_PATHS = NO;
				ASSETCATALOG_COMPILER_GENERATE_SWIFT_ASSET_SYMBOL_EXTENSIONS = YES;
				CLANG_ANALYZER_NONNULL = YES;
				CLANG_ANALYZER_NUMBER_OBJECT_CONVERSION = YES_AGGRESSIVE;
				CLANG_CXX_LANGUAGE_STANDARD = "gnu++20";
				CLANG_ENABLE_MODULES = YES;
				CLANG_ENABLE_OBJC_ARC = YES;
				CLANG_ENABLE_OBJC_WEAK = YES;
				CLANG_WARN_BLOCK_CAPTURE_AUTORELEASING = YES;
				CLANG_WARN_BOOL_CONVERSION = YES;
				CLANG_WARN_COMMA = YES;
				CLANG_WARN_CONSTANT_CONVERSION = YES;
				CLANG_WARN_DEPRECATED_OBJC_IMPLEMENTATIONS = YES;
				CLANG_WARN_DIRECT_OBJC_ISA_USAGE = YES_ERROR;
				CLANG_WARN_DOCUMENTATION_COMMENTS = YES;
				CLANG_WARN_EMPTY_BODY = YES;
				CLANG_WARN_ENUM_CONVERSION = YES;
				CLANG_WARN_INFINITE_RECURSION = YES;
				CLANG_WARN_INT_CONVERSION = YES;
				CLANG_WARN_NON_LITERAL_NULL_CONVERSION = YES;
				CLANG_WARN_OBJC_IMPLICIT_RETAIN_SELF = YES;
				CLANG_WARN_OBJC_LITERAL_CONVERSION = YES;
				CLANG_WARN_OBJC_ROOT_CLASS = YES_ERROR;
				CLANG_WARN_QUOTED_INCLUDE_IN_FRAMEWORK_HEADER = YES;
				CLANG_WARN_RANGE_LOOP_ANALYSIS = YES;
				CLANG_WARN_STRICT_PROTOTYPES = YES;
				CLANG_WARN_SUSPICIOUS_MOVE = YES;
				CLANG_WARN_UNGUARDED_AVAILABILITY = YES_AGGRESSIVE;
				CLANG_WARN_UNREACHABLE_CODE = YES;
				CLANG_WARN__DUPLICATE_METHOD_MATCH = YES;
				COPY_PHASE_STRIP = NO;
				DEBUG_INFORMATION_FORMAT = dwarf;
				ENABLE_STRICT_OBJC_MSGSEND = YES;
				ENABLE_TESTABILITY = YES;
				ENABLE_USER_SCRIPT_SANDBOXING = NO;
				"EXCLUDED_ARCHS[sdk=*]" = arm64;
				GCC_C_LANGUAGE_STANDARD = gnu17;
				GCC_DYNAMIC_NO_PIC = NO;
				GCC_NO_COMMON_BLOCKS = YES;
				GCC_OPTIMIZATION_LEVEL = 0;
				GCC_PREPROCESSOR_DEFINITIONS = (
					"DEBUG=1",
					"$(inherited)",
				);
				GCC_WARN_64_TO_32_BIT_CONVERSION = YES;
				GCC_WARN_ABOUT_RETURN_TYPE = YES_ERROR;
				GCC_WARN_UNDECLARED_SELECTOR = YES;
				GCC_WARN_UNINITIALIZED_AUTOS = YES_AGGRESSIVE;
				GCC_WARN_UNUSED_FUNCTION = YES;
				GCC_WARN_UNUSED_VARIABLE = YES;
				IPHONEOS_DEPLOYMENT_TARGET = 17.2;
				LOCALIZATION_PREFERS_STRING_CATALOGS = YES;
				MTL_ENABLE_DEBUG_INFO = INCLUDE_SOURCE;
				MTL_FAST_MATH = YES;
				ONLY_ACTIVE_ARCH = YES;
				SDKROOT = iphoneos;
				SWIFT_ACTIVE_COMPILATION_CONDITIONS = "DEBUG $(inherited)";
				SWIFT_OPTIMIZATION_LEVEL = "-Onone";
			};
			name = Debug;
		};
		CD136FBB2BBC537100307ADE /* Release */ = {
			isa = XCBuildConfiguration;
			buildSettings = {
				ALWAYS_SEARCH_USER_PATHS = NO;
				ASSETCATALOG_COMPILER_GENERATE_SWIFT_ASSET_SYMBOL_EXTENSIONS = YES;
				CLANG_ANALYZER_NONNULL = YES;
				CLANG_ANALYZER_NUMBER_OBJECT_CONVERSION = YES_AGGRESSIVE;
				CLANG_CXX_LANGUAGE_STANDARD = "gnu++20";
				CLANG_ENABLE_MODULES = YES;
				CLANG_ENABLE_OBJC_ARC = YES;
				CLANG_ENABLE_OBJC_WEAK = YES;
				CLANG_WARN_BLOCK_CAPTURE_AUTORELEASING = YES;
				CLANG_WARN_BOOL_CONVERSION = YES;
				CLANG_WARN_COMMA = YES;
				CLANG_WARN_CONSTANT_CONVERSION = YES;
				CLANG_WARN_DEPRECATED_OBJC_IMPLEMENTATIONS = YES;
				CLANG_WARN_DIRECT_OBJC_ISA_USAGE = YES_ERROR;
				CLANG_WARN_DOCUMENTATION_COMMENTS = YES;
				CLANG_WARN_EMPTY_BODY = YES;
				CLANG_WARN_ENUM_CONVERSION = YES;
				CLANG_WARN_INFINITE_RECURSION = YES;
				CLANG_WARN_INT_CONVERSION = YES;
				CLANG_WARN_NON_LITERAL_NULL_CONVERSION = YES;
				CLANG_WARN_OBJC_IMPLICIT_RETAIN_SELF = YES;
				CLANG_WARN_OBJC_LITERAL_CONVERSION = YES;
				CLANG_WARN_OBJC_ROOT_CLASS = YES_ERROR;
				CLANG_WARN_QUOTED_INCLUDE_IN_FRAMEWORK_HEADER = YES;
				CLANG_WARN_RANGE_LOOP_ANALYSIS = YES;
				CLANG_WARN_STRICT_PROTOTYPES = YES;
				CLANG_WARN_SUSPICIOUS_MOVE = YES;
				CLANG_WARN_UNGUARDED_AVAILABILITY = YES_AGGRESSIVE;
				CLANG_WARN_UNREACHABLE_CODE = YES;
				CLANG_WARN__DUPLICATE_METHOD_MATCH = YES;
				COPY_PHASE_STRIP = NO;
				DEBUG_INFORMATION_FORMAT = "dwarf-with-dsym";
				ENABLE_NS_ASSERTIONS = NO;
				ENABLE_STRICT_OBJC_MSGSEND = YES;
				ENABLE_USER_SCRIPT_SANDBOXING = NO;
				"EXCLUDED_ARCHS[sdk=*]" = arm64;
				GCC_C_LANGUAGE_STANDARD = gnu17;
				GCC_NO_COMMON_BLOCKS = YES;
				GCC_WARN_64_TO_32_BIT_CONVERSION = YES;
				GCC_WARN_ABOUT_RETURN_TYPE = YES_ERROR;
				GCC_WARN_UNDECLARED_SELECTOR = YES;
				GCC_WARN_UNINITIALIZED_AUTOS = YES_AGGRESSIVE;
				GCC_WARN_UNUSED_FUNCTION = YES;
				GCC_WARN_UNUSED_VARIABLE = YES;
				IPHONEOS_DEPLOYMENT_TARGET = 17.2;
				LOCALIZATION_PREFERS_STRING_CATALOGS = YES;
				MTL_ENABLE_DEBUG_INFO = NO;
				MTL_FAST_MATH = YES;
				SDKROOT = iphoneos;
				SWIFT_COMPILATION_MODE = wholemodule;
				VALIDATE_PRODUCT = YES;
			};
			name = Release;
		};
		CD136FBD2BBC537100307ADE /* Debug */ = {
			isa = XCBuildConfiguration;
			baseConfigurationReference = C18C5DF0C15DA85FBC8892A1 /* Pods-Location-Search.debug.xcconfig */;
			buildSettings = {
				ASSETCATALOG_COMPILER_APPICON_NAME = AppIcon;
				ASSETCATALOG_COMPILER_GLOBAL_ACCENT_COLOR_NAME = AccentColor;
				CODE_SIGN_STYLE = Automatic;
				CURRENT_PROJECT_VERSION = 1;
				DEVELOPMENT_TEAM = JZ74XGGJ4P;
				GENERATE_INFOPLIST_FILE = YES;
				INFOPLIST_FILE = "Location-Search/Info.plist";
				INFOPLIST_KEY_UIApplicationSupportsIndirectInputEvents = YES;
				INFOPLIST_KEY_UILaunchStoryboardName = LaunchScreen;
				INFOPLIST_KEY_UIMainStoryboardFile = Main;
				INFOPLIST_KEY_UISupportedInterfaceOrientations_iPad = "UIInterfaceOrientationPortrait UIInterfaceOrientationPortraitUpsideDown UIInterfaceOrientationLandscapeLeft UIInterfaceOrientationLandscapeRight";
				INFOPLIST_KEY_UISupportedInterfaceOrientations_iPhone = "UIInterfaceOrientationPortrait UIInterfaceOrientationLandscapeLeft UIInterfaceOrientationLandscapeRight";
				LD_RUNPATH_SEARCH_PATHS = (
					"$(inherited)",
					"@executable_path/Frameworks",
				);
				MARKETING_VERSION = 1.0;
				PRODUCT_BUNDLE_IDENTIFIER = "com.osmncn.Location-Search";
				PRODUCT_NAME = "$(TARGET_NAME)";
				SWIFT_EMIT_LOC_STRINGS = YES;
				SWIFT_VERSION = 5.0;
				TARGETED_DEVICE_FAMILY = "1,2";
			};
			name = Debug;
		};
		CD136FBE2BBC537100307ADE /* Release */ = {
			isa = XCBuildConfiguration;
			baseConfigurationReference = 63DF84C5B8294505DE250A60 /* Pods-Location-Search.release.xcconfig */;
			buildSettings = {
				ASSETCATALOG_COMPILER_APPICON_NAME = AppIcon;
				ASSETCATALOG_COMPILER_GLOBAL_ACCENT_COLOR_NAME = AccentColor;
				CODE_SIGN_STYLE = Automatic;
				CURRENT_PROJECT_VERSION = 1;
				DEVELOPMENT_TEAM = JZ74XGGJ4P;
				GENERATE_INFOPLIST_FILE = YES;
				INFOPLIST_FILE = "Location-Search/Info.plist";
				INFOPLIST_KEY_UIApplicationSupportsIndirectInputEvents = YES;
				INFOPLIST_KEY_UILaunchStoryboardName = LaunchScreen;
				INFOPLIST_KEY_UIMainStoryboardFile = Main;
				INFOPLIST_KEY_UISupportedInterfaceOrientations_iPad = "UIInterfaceOrientationPortrait UIInterfaceOrientationPortraitUpsideDown UIInterfaceOrientationLandscapeLeft UIInterfaceOrientationLandscapeRight";
				INFOPLIST_KEY_UISupportedInterfaceOrientations_iPhone = "UIInterfaceOrientationPortrait UIInterfaceOrientationLandscapeLeft UIInterfaceOrientationLandscapeRight";
				LD_RUNPATH_SEARCH_PATHS = (
					"$(inherited)",
					"@executable_path/Frameworks",
				);
				MARKETING_VERSION = 1.0;
				PRODUCT_BUNDLE_IDENTIFIER = "com.osmncn.Location-Search";
				PRODUCT_NAME = "$(TARGET_NAME)";
				SWIFT_EMIT_LOC_STRINGS = YES;
				SWIFT_VERSION = 5.0;
				TARGETED_DEVICE_FAMILY = "1,2";
			};
			name = Release;
		};
		CD136FC02BBC537100307ADE /* Debug */ = {
			isa = XCBuildConfiguration;
			baseConfigurationReference = CC614F04CFB033EE8B671D91 /* Pods-Location-SearchTests.debug.xcconfig */;
			buildSettings = {
				ALWAYS_EMBED_SWIFT_STANDARD_LIBRARIES = YES;
				BUNDLE_LOADER = "$(TEST_HOST)";
				CODE_SIGN_STYLE = Automatic;
				CURRENT_PROJECT_VERSION = 1;
				DEVELOPMENT_TEAM = JZ74XGGJ4P;
				GENERATE_INFOPLIST_FILE = YES;
				IPHONEOS_DEPLOYMENT_TARGET = 17.2;
				MARKETING_VERSION = 1.0;
				PRODUCT_BUNDLE_IDENTIFIER = "com.osmncn.Location-SearchTests";
				PRODUCT_NAME = "$(TARGET_NAME)";
				SWIFT_EMIT_LOC_STRINGS = NO;
				SWIFT_VERSION = 5.0;
				TARGETED_DEVICE_FAMILY = "1,2";
				TEST_HOST = "$(BUILT_PRODUCTS_DIR)/Location-Search.app/$(BUNDLE_EXECUTABLE_FOLDER_PATH)/Location-Search";
			};
			name = Debug;
		};
		CD136FC12BBC537100307ADE /* Release */ = {
			isa = XCBuildConfiguration;
			baseConfigurationReference = 00376B9D5B9D36C8A375CED5 /* Pods-Location-SearchTests.release.xcconfig */;
			buildSettings = {
				ALWAYS_EMBED_SWIFT_STANDARD_LIBRARIES = YES;
				BUNDLE_LOADER = "$(TEST_HOST)";
				CODE_SIGN_STYLE = Automatic;
				CURRENT_PROJECT_VERSION = 1;
				DEVELOPMENT_TEAM = JZ74XGGJ4P;
				GENERATE_INFOPLIST_FILE = YES;
				IPHONEOS_DEPLOYMENT_TARGET = 17.2;
				MARKETING_VERSION = 1.0;
				PRODUCT_BUNDLE_IDENTIFIER = "com.osmncn.Location-SearchTests";
				PRODUCT_NAME = "$(TARGET_NAME)";
				SWIFT_EMIT_LOC_STRINGS = NO;
				SWIFT_VERSION = 5.0;
				TARGETED_DEVICE_FAMILY = "1,2";
				TEST_HOST = "$(BUILT_PRODUCTS_DIR)/Location-Search.app/$(BUNDLE_EXECUTABLE_FOLDER_PATH)/Location-Search";
			};
			name = Release;
		};
		CD136FC32BBC537100307ADE /* Debug */ = {
			isa = XCBuildConfiguration;
			baseConfigurationReference = 8FBA47B5883874AC63B5CF06 /* Pods-Location-Search-Location-SearchUITests.debug.xcconfig */;
			buildSettings = {
				ALWAYS_EMBED_SWIFT_STANDARD_LIBRARIES = YES;
				CODE_SIGN_STYLE = Automatic;
				CURRENT_PROJECT_VERSION = 1;
				DEVELOPMENT_TEAM = JZ74XGGJ4P;
				GENERATE_INFOPLIST_FILE = YES;
				MARKETING_VERSION = 1.0;
				PRODUCT_BUNDLE_IDENTIFIER = "com.osmncn.Location-SearchUITests";
				PRODUCT_NAME = "$(TARGET_NAME)";
				SWIFT_EMIT_LOC_STRINGS = NO;
				SWIFT_VERSION = 5.0;
				TARGETED_DEVICE_FAMILY = "1,2";
				TEST_TARGET_NAME = "Location-Search";
			};
			name = Debug;
		};
		CD136FC42BBC537100307ADE /* Release */ = {
			isa = XCBuildConfiguration;
			baseConfigurationReference = F6B5A46BB477E790906C0375 /* Pods-Location-Search-Location-SearchUITests.release.xcconfig */;
			buildSettings = {
				ALWAYS_EMBED_SWIFT_STANDARD_LIBRARIES = YES;
				CODE_SIGN_STYLE = Automatic;
				CURRENT_PROJECT_VERSION = 1;
				DEVELOPMENT_TEAM = JZ74XGGJ4P;
				GENERATE_INFOPLIST_FILE = YES;
				MARKETING_VERSION = 1.0;
				PRODUCT_BUNDLE_IDENTIFIER = "com.osmncn.Location-SearchUITests";
				PRODUCT_NAME = "$(TARGET_NAME)";
				SWIFT_EMIT_LOC_STRINGS = NO;
				SWIFT_VERSION = 5.0;
				TARGETED_DEVICE_FAMILY = "1,2";
				TEST_TARGET_NAME = "Location-Search";
			};
			name = Release;
		};
/* End XCBuildConfiguration section */

/* Begin XCConfigurationList section */
		CD136F8D2BBC537000307ADE /* Build configuration list for PBXProject "Location-Search" */ = {
			isa = XCConfigurationList;
			buildConfigurations = (
				CD136FBA2BBC537100307ADE /* Debug */,
				CD136FBB2BBC537100307ADE /* Release */,
			);
			defaultConfigurationIsVisible = 0;
			defaultConfigurationName = Release;
		};
		CD136FBC2BBC537100307ADE /* Build configuration list for PBXNativeTarget "Location-Search" */ = {
			isa = XCConfigurationList;
			buildConfigurations = (
				CD136FBD2BBC537100307ADE /* Debug */,
				CD136FBE2BBC537100307ADE /* Release */,
			);
			defaultConfigurationIsVisible = 0;
			defaultConfigurationName = Release;
		};
		CD136FBF2BBC537100307ADE /* Build configuration list for PBXNativeTarget "Location-SearchTests" */ = {
			isa = XCConfigurationList;
			buildConfigurations = (
				CD136FC02BBC537100307ADE /* Debug */,
				CD136FC12BBC537100307ADE /* Release */,
			);
			defaultConfigurationIsVisible = 0;
			defaultConfigurationName = Release;
		};
		CD136FC22BBC537100307ADE /* Build configuration list for PBXNativeTarget "Location-SearchUITests" */ = {
			isa = XCConfigurationList;
			buildConfigurations = (
				CD136FC32BBC537100307ADE /* Debug */,
				CD136FC42BBC537100307ADE /* Release */,
			);
			defaultConfigurationIsVisible = 0;
			defaultConfigurationName = Release;
		};
/* End XCConfigurationList section */
	};
	rootObject = CD136F8A2BBC537000307ADE /* Project object */;
}
